
Microsoft Visual Studio Solution File, Format Version 12.00
# Visual Studio 2012
Project("{FAE04EC0-301F-11D3-BF4B-00C04F79EFBC}") = "Backpack.Extensions", "Backpack.Extensions\Backpack.Extensions.csproj", "{59421232-4DE6-4955-853C-6716196E16BC}"
EndProject
Project("{FAE04EC0-301F-11D3-BF4B-00C04F79EFBC}") = "Backpack.Social", "Backpack.Social\Backpack.Social.csproj", "{0215AC13-D98B-4AF5-BA5D-73AF0D555D47}"
EndProject
Project("{FAE04EC0-301F-11D3-BF4B-00C04F79EFBC}") = "Backpack.Web", "Backpack.Web\Backpack.Web.csproj", "{7F37B759-C227-464E-82D9-A6301D261AF1}"
EndProject
Project("{FAE04EC0-301F-11D3-BF4B-00C04F79EFBC}") = "Backpack.IO", "Backpack.IO\Backpack.IO.csproj", "{9D05DBBB-8E8E-405E-BC0B-6591C5E8C77B}"
EndProject
Project("{FAE04EC0-301F-11D3-BF4B-00C04F79EFBC}") = "Backpack.Data", "Backpack.Data\Backpack.Data.csproj", "{E0B04B8C-DFCB-4D91-BC7A-F1C289C0A060}"
EndProject
Project("{2150E333-8FDC-42A3-9474-1A3956D46DE8}") = "Tests", "Tests", "{2447066A-7B32-46E7-B6A6-7345B1646282}"
EndProject
Project("{2150E333-8FDC-42A3-9474-1A3956D46DE8}") = "Libraries", "Libraries", "{508E373B-5552-49B1-974F-A4822FDB2E22}"
EndProject
Project("{2150E333-8FDC-42A3-9474-1A3956D46DE8}") = "Demo", "Demo", "{AAC7A825-919C-4BE1-A862-AAE1D5D666C2}"
EndProject
Project("{FAE04EC0-301F-11D3-BF4B-00C04F79EFBC}") = "Backpack.MVC.Site", "Backpack.MVC.Site\Backpack.MVC.Site.csproj", "{53367BE4-6D14-4497-B1A5-14F6F2798E9D}"
EndProject
Project("{FAE04EC0-301F-11D3-BF4B-00C04F79EFBC}") = "Backpack.MVC.Site.Tests", "Backpack.MVC.Site.Tests\Backpack.MVC.Site.Tests.csproj", "{250870FA-9AA0-4F91-B99F-EE71442CF957}"
EndProject
Project("{FAE04EC0-301F-11D3-BF4B-00C04F79EFBC}") = "Backpack.Core", "Backpack.Core\Backpack.Core.csproj", "{DDB844F9-E5C3-46AB-8086-F2A3EB1003BC}"
EndProject
Global
	GlobalSection(SolutionConfigurationPlatforms) = preSolution
		Debug|Any CPU = Debug|Any CPU
		Release|Any CPU = Release|Any CPU
	EndGlobalSection
	GlobalSection(ProjectConfigurationPlatforms) = postSolution
		{59421232-4DE6-4955-853C-6716196E16BC}.Debug|Any CPU.ActiveCfg = Debug|Any CPU
		{59421232-4DE6-4955-853C-6716196E16BC}.Debug|Any CPU.Build.0 = Debug|Any CPU
		{59421232-4DE6-4955-853C-6716196E16BC}.Release|Any CPU.ActiveCfg = Release|Any CPU
		{59421232-4DE6-4955-853C-6716196E16BC}.Release|Any CPU.Build.0 = Release|Any CPU
		{0215AC13-D98B-4AF5-BA5D-73AF0D555D47}.Debug|Any CPU.ActiveCfg = Debug|Any CPU
		{0215AC13-D98B-4AF5-BA5D-73AF0D555D47}.Debug|Any CPU.Build.0 = Debug|Any CPU
		{0215AC13-D98B-4AF5-BA5D-73AF0D555D47}.Release|Any CPU.ActiveCfg = Release|Any CPU
		{0215AC13-D98B-4AF5-BA5D-73AF0D555D47}.Release|Any CPU.Build.0 = Release|Any CPU
		{7F37B759-C227-464E-82D9-A6301D261AF1}.Debug|Any CPU.ActiveCfg = Debug|Any CPU
		{7F37B759-C227-464E-82D9-A6301D261AF1}.Debug|Any CPU.Build.0 = Debug|Any CPU
		{7F37B759-C227-464E-82D9-A6301D261AF1}.Release|Any CPU.ActiveCfg = Release|Any CPU
		{7F37B759-C227-464E-82D9-A6301D261AF1}.Release|Any CPU.Build.0 = Release|Any CPU
		{9D05DBBB-8E8E-405E-BC0B-6591C5E8C77B}.Debug|Any CPU.ActiveCfg = Debug|Any CPU
		{9D05DBBB-8E8E-405E-BC0B-6591C5E8C77B}.Debug|Any CPU.Build.0 = Debug|Any CPU
		{9D05DBBB-8E8E-405E-BC0B-6591C5E8C77B}.Release|Any CPU.ActiveCfg = Release|Any CPU
		{9D05DBBB-8E8E-405E-BC0B-6591C5E8C77B}.Release|Any CPU.Build.0 = Release|Any CPU
		{E0B04B8C-DFCB-4D91-BC7A-F1C289C0A060}.Debug|Any CPU.ActiveCfg = Debug|Any CPU
		{E0B04B8C-DFCB-4D91-BC7A-F1C289C0A060}.Debug|Any CPU.Build.0 = Debug|Any CPU
		{E0B04B8C-DFCB-4D91-BC7A-F1C289C0A060}.Release|Any CPU.ActiveCfg = Release|Any CPU
		{E0B04B8C-DFCB-4D91-BC7A-F1C289C0A060}.Release|Any CPU.Build.0 = Release|Any CPU
		{53367BE4-6D14-4497-B1A5-14F6F2798E9D}.Debug|Any CPU.ActiveCfg = Debug|Any CPU
		{53367BE4-6D14-4497-B1A5-14F6F2798E9D}.Debug|Any CPU.Build.0 = Debug|Any CPU
		{53367BE4-6D14-4497-B1A5-14F6F2798E9D}.Release|Any CPU.ActiveCfg = Release|Any CPU
		{53367BE4-6D14-4497-B1A5-14F6F2798E9D}.Release|Any CPU.Build.0 = Release|Any CPU
		{250870FA-9AA0-4F91-B99F-EE71442CF957}.Debug|Any CPU.ActiveCfg = Debug|Any CPU
		{250870FA-9AA0-4F91-B99F-EE71442CF957}.Debug|Any CPU.Build.0 = Debug|Any CPU
		{250870FA-9AA0-4F91-B99F-EE71442CF957}.Release|Any CPU.ActiveCfg = Release|Any CPU
		{250870FA-9AA0-4F91-B99F-EE71442CF957}.Release|Any CPU.Build.0 = Release|Any CPU
		{DDB844F9-E5C3-46AB-8086-F2A3EB1003BC}.Debug|Any CPU.ActiveCfg = Debug|Any CPU
		{DDB844F9-E5C3-46AB-8086-F2A3EB1003BC}.Debug|Any CPU.Build.0 = Debug|Any CPU
		{DDB844F9-E5C3-46AB-8086-F2A3EB1003BC}.Release|Any CPU.ActiveCfg = Release|Any CPU
		{DDB844F9-E5C3-46AB-8086-F2A3EB1003BC}.Release|Any CPU.Build.0 = Release|Any CPU
	EndGlobalSection
	GlobalSection(SolutionProperties) = preSolution
		HideSolutionNode = FALSE
	EndGlobalSection
	GlobalSection(NestedProjects) = preSolution
		{0215AC13-D98B-4AF5-BA5D-73AF0D555D47} = {508E373B-5552-49B1-974F-A4822FDB2E22}
		{7F37B759-C227-464E-82D9-A6301D261AF1} = {508E373B-5552-49B1-974F-A4822FDB2E22}
		{9D05DBBB-8E8E-405E-BC0B-6591C5E8C77B} = {508E373B-5552-49B1-974F-A4822FDB2E22}
		{E0B04B8C-DFCB-4D91-BC7A-F1C289C0A060} = {508E373B-5552-49B1-974F-A4822FDB2E22}
		{59421232-4DE6-4955-853C-6716196E16BC} = {508E373B-5552-49B1-974F-A4822FDB2E22}
		{DDB844F9-E5C3-46AB-8086-F2A3EB1003BC} = {508E373B-5552-49B1-974F-A4822FDB2E22}
		{250870FA-9AA0-4F91-B99F-EE71442CF957} = {2447066A-7B32-46E7-B6A6-7345B1646282}
		{53367BE4-6D14-4497-B1A5-14F6F2798E9D} = {AAC7A825-919C-4BE1-A862-AAE1D5D666C2}
	EndGlobalSection
EndGlobal
